
Microsoft Visual Studio Solution File, Format Version 12.00
# Visual Studio Version 17
VisualStudioVersion = 17.0.31903.59
MinimumVisualStudioVersion = 10.0.40219.1
Project("{FAE04EC0-301F-11D3-BF4B-00C04F79EFBC}") = "Shared.Domain", "Shared.Domain\Shared.Domain.csproj", "{D4440896-57A2-45C2-8CF6-367F3355406F}"
EndProject
Project("{FAE04EC0-301F-11D3-BF4B-00C04F79EFBC}") = "Shared.Application", "Shared.Application\Shared.Application.csproj", "{C2E85B33-DC0F-499F-9B51-EBD611CD23ED}"
EndProject
Project("{FAE04EC0-301F-11D3-BF4B-00C04F79EFBC}") = "Shared.Contracts", "Shared.Contracts\Shared.Contracts.csproj", "{9815F1E4-C8A4-4255-A246-08DD7245EB4A}"
EndProject
Project("{FAE04EC0-301F-11D3-BF4B-00C04F79EFBC}") = "Shared.Infrastructure", "Shared.Infrastructure\Shared.Infrastructure.csproj", "{F7A0E1E7-0E3C-482E-9BD3-874E536A6063}"
EndProject
Project("{FAE04EC0-301F-11D3-BF4B-00C04F79EFBC}") = "Services.DataAccess", "Services.DataAccess\Services.DataAccess.csproj", "{391F25C5-3C58-4751-9077-37DA76AB4267}"
EndProject
Project("{FAE04EC0-301F-11D3-BF4B-00C04F79EFBC}") = "Services.Frontend", "Services.Frontend\Services.Frontend.csproj", "{F9A2EC23-98E2-4DFC-8719-7FA80EB953F1}"
EndProject
Project("{FAE04EC0-301F-11D3-BF4B-00C04F79EFBC}") = "Web.WebPortal", "Web.WebPortal\Web.WebPortal.csproj", "{32F59891-AEAF-45EA-BC8B-BC682467CF19}"
EndProject
Project("{FAE04EC0-301F-11D3-BF4B-00C04F79EFBC}") = "Services.Gateway", "Services.Gateway\Services.Gateway.csproj", "{5C3D0EFD-98F7-4355-91E0-1E07FB8396B8}"
EndProject
Project("{FAE04EC0-301F-11D3-BF4B-00C04F79EFBC}") = "Clients.SDK", "Clients.SDK\Clients.SDK.csproj", "{FA4C7C47-16DB-4299-BE04-4D2D83691A79}"
EndProject
Project("{FAE04EC0-301F-11D3-BF4B-00C04F79EFBC}") = "Clients.CLI", "Clients.CLI\Clients.CLI.csproj", "{8E80A13C-6F30-42D9-A5BC-A8DB1A911DE7}"
EndProject
Project("{FAE04EC0-301F-11D3-BF4B-00C04F79EFBC}") = "Domain.Tests", "Domain.Tests\Domain.Tests.csproj", "{B711D1F1-E435-4FBA-A163-BA7C4BCA581C}"
EndProject
Global
	GlobalSection(SolutionConfigurationPlatforms) = preSolution
		Debug|Any CPU = Debug|Any CPU
		Debug|x64 = Debug|x64
		Debug|x86 = Debug|x86
		Release|Any CPU = Release|Any CPU
		Release|x64 = Release|x64
		Release|x86 = Release|x86
	EndGlobalSection
	GlobalSection(ProjectConfigurationPlatforms) = postSolution
		{D4440896-57A2-45C2-8CF6-367F3355406F}.Debug|Any CPU.ActiveCfg = Debug|Any CPU
		{D4440896-57A2-45C2-8CF6-367F3355406F}.Debug|Any CPU.Build.0 = Debug|Any CPU
		{D4440896-57A2-45C2-8CF6-367F3355406F}.Debug|x64.ActiveCfg = Debug|Any CPU
		{D4440896-57A2-45C2-8CF6-367F3355406F}.Debug|x64.Build.0 = Debug|Any CPU
		{D4440896-57A2-45C2-8CF6-367F3355406F}.Debug|x86.ActiveCfg = Debug|Any CPU
		{D4440896-57A2-45C2-8CF6-367F3355406F}.Debug|x86.Build.0 = Debug|Any CPU
		{D4440896-57A2-45C2-8CF6-367F3355406F}.Release|Any CPU.ActiveCfg = Release|Any CPU
		{D4440896-57A2-45C2-8CF6-367F3355406F}.Release|Any CPU.Build.0 = Release|Any CPU
		{D4440896-57A2-45C2-8CF6-367F3355406F}.Release|x64.ActiveCfg = Release|Any CPU
		{D4440896-57A2-45C2-8CF6-367F3355406F}.Release|x64.Build.0 = Release|Any CPU
		{D4440896-57A2-45C2-8CF6-367F3355406F}.Release|x86.ActiveCfg = Release|Any CPU
		{D4440896-57A2-45C2-8CF6-367F3355406F}.Release|x86.Build.0 = Release|Any CPU
		{C2E85B33-DC0F-499F-9B51-EBD611CD23ED}.Debug|Any CPU.ActiveCfg = Debug|Any CPU
		{C2E85B33-DC0F-499F-9B51-EBD611CD23ED}.Debug|Any CPU.Build.0 = Debug|Any CPU
		{C2E85B33-DC0F-499F-9B51-EBD611CD23ED}.Debug|x64.ActiveCfg = Debug|Any CPU
		{C2E85B33-DC0F-499F-9B51-EBD611CD23ED}.Debug|x64.Build.0 = Debug|Any CPU
		{C2E85B33-DC0F-499F-9B51-EBD611CD23ED}.Debug|x86.ActiveCfg = Debug|Any CPU
		{C2E85B33-DC0F-499F-9B51-EBD611CD23ED}.Debug|x86.Build.0 = Debug|Any CPU
		{C2E85B33-DC0F-499F-9B51-EBD611CD23ED}.Release|Any CPU.ActiveCfg = Release|Any CPU
		{C2E85B33-DC0F-499F-9B51-EBD611CD23ED}.Release|Any CPU.Build.0 = Release|Any CPU
		{C2E85B33-DC0F-499F-9B51-EBD611CD23ED}.Release|x64.ActiveCfg = Release|Any CPU
		{C2E85B33-DC0F-499F-9B51-EBD611CD23ED}.Release|x64.Build.0 = Release|Any CPU
		{C2E85B33-DC0F-499F-9B51-EBD611CD23ED}.Release|x86.ActiveCfg = Release|Any CPU
		{C2E85B33-DC0F-499F-9B51-EBD611CD23ED}.Release|x86.Build.0 = Release|Any CPU
		{9815F1E4-C8A4-4255-A246-08DD7245EB4A}.Debug|Any CPU.ActiveCfg = Debug|Any CPU
		{9815F1E4-C8A4-4255-A246-08DD7245EB4A}.Debug|Any CPU.Build.0 = Debug|Any CPU
		{9815F1E4-C8A4-4255-A246-08DD7245EB4A}.Debug|x64.ActiveCfg = Debug|Any CPU
		{9815F1E4-C8A4-4255-A246-08DD7245EB4A}.Debug|x64.Build.0 = Debug|Any CPU
		{9815F1E4-C8A4-4255-A246-08DD7245EB4A}.Debug|x86.ActiveCfg = Debug|Any CPU
		{9815F1E4-C8A4-4255-A246-08DD7245EB4A}.Debug|x86.Build.0 = Debug|Any CPU
		{9815F1E4-C8A4-4255-A246-08DD7245EB4A}.Release|Any CPU.ActiveCfg = Release|Any CPU
		{9815F1E4-C8A4-4255-A246-08DD7245EB4A}.Release|Any CPU.Build.0 = Release|Any CPU
		{9815F1E4-C8A4-4255-A246-08DD7245EB4A}.Release|x64.ActiveCfg = Release|Any CPU
		{9815F1E4-C8A4-4255-A246-08DD7245EB4A}.Release|x64.Build.0 = Release|Any CPU
		{9815F1E4-C8A4-4255-A246-08DD7245EB4A}.Release|x86.ActiveCfg = Release|Any CPU
		{9815F1E4-C8A4-4255-A246-08DD7245EB4A}.Release|x86.Build.0 = Release|Any CPU
		{F7A0E1E7-0E3C-482E-9BD3-874E536A6063}.Debug|Any CPU.ActiveCfg = Debug|Any CPU
		{F7A0E1E7-0E3C-482E-9BD3-874E536A6063}.Debug|Any CPU.Build.0 = Debug|Any CPU
		{F7A0E1E7-0E3C-482E-9BD3-874E536A6063}.Debug|x64.ActiveCfg = Debug|Any CPU
		{F7A0E1E7-0E3C-482E-9BD3-874E536A6063}.Debug|x64.Build.0 = Debug|Any CPU
		{F7A0E1E7-0E3C-482E-9BD3-874E536A6063}.Debug|x86.ActiveCfg = Debug|Any CPU
		{F7A0E1E7-0E3C-482E-9BD3-874E536A6063}.Debug|x86.Build.0 = Debug|Any CPU
		{F7A0E1E7-0E3C-482E-9BD3-874E536A6063}.Release|Any CPU.ActiveCfg = Release|Any CPU
		{F7A0E1E7-0E3C-482E-9BD3-874E536A6063}.Release|Any CPU.Build.0 = Release|Any CPU
		{F7A0E1E7-0E3C-482E-9BD3-874E536A6063}.Release|x64.ActiveCfg = Release|Any CPU
		{F7A0E1E7-0E3C-482E-9BD3-874E536A6063}.Release|x64.Build.0 = Release|Any CPU
		{F7A0E1E7-0E3C-482E-9BD3-874E536A6063}.Release|x86.ActiveCfg = Release|Any CPU
		{F7A0E1E7-0E3C-482E-9BD3-874E536A6063}.Release|x86.Build.0 = Release|Any CPU
		{391F25C5-3C58-4751-9077-37DA76AB4267}.Debug|Any CPU.ActiveCfg = Debug|Any CPU
		{391F25C5-3C58-4751-9077-37DA76AB4267}.Debug|Any CPU.Build.0 = Debug|Any CPU
		{391F25C5-3C58-4751-9077-37DA76AB4267}.Debug|x64.ActiveCfg = Debug|Any CPU
		{391F25C5-3C58-4751-9077-37DA76AB4267}.Debug|x64.Build.0 = Debug|Any CPU
		{391F25C5-3C58-4751-9077-37DA76AB4267}.Debug|x86.ActiveCfg = Debug|Any CPU
		{391F25C5-3C58-4751-9077-37DA76AB4267}.Debug|x86.Build.0 = Debug|Any CPU
		{391F25C5-3C58-4751-9077-37DA76AB4267}.Release|Any CPU.ActiveCfg = Release|Any CPU
		{391F25C5-3C58-4751-9077-37DA76AB4267}.Release|Any CPU.Build.0 = Release|Any CPU
		{391F25C5-3C58-4751-9077-37DA76AB4267}.Release|x64.ActiveCfg = Release|Any CPU
		{391F25C5-3C58-4751-9077-37DA76AB4267}.Release|x64.Build.0 = Release|Any CPU
		{391F25C5-3C58-4751-9077-37DA76AB4267}.Release|x86.ActiveCfg = Release|Any CPU
		{391F25C5-3C58-4751-9077-37DA76AB4267}.Release|x86.Build.0 = Release|Any CPU
		{F9A2EC23-98E2-4DFC-8719-7FA80EB953F1}.Debug|Any CPU.ActiveCfg = Debug|Any CPU
		{F9A2EC23-98E2-4DFC-8719-7FA80EB953F1}.Debug|Any CPU.Build.0 = Debug|Any CPU
		{F9A2EC23-98E2-4DFC-8719-7FA80EB953F1}.Debug|x64.ActiveCfg = Debug|Any CPU
		{F9A2EC23-98E2-4DFC-8719-7FA80EB953F1}.Debug|x64.Build.0 = Debug|Any CPU
		{F9A2EC23-98E2-4DFC-8719-7FA80EB953F1}.Debug|x86.ActiveCfg = Debug|Any CPU
		{F9A2EC23-98E2-4DFC-8719-7FA80EB953F1}.Debug|x86.Build.0 = Debug|Any CPU
		{F9A2EC23-98E2-4DFC-8719-7FA80EB953F1}.Release|Any CPU.ActiveCfg = Release|Any CPU
		{F9A2EC23-98E2-4DFC-8719-7FA80EB953F1}.Release|Any CPU.Build.0 = Release|Any CPU
		{F9A2EC23-98E2-4DFC-8719-7FA80EB953F1}.Release|x64.ActiveCfg = Release|Any CPU
		{F9A2EC23-98E2-4DFC-8719-7FA80EB953F1}.Release|x64.Build.0 = Release|Any CPU
		{F9A2EC23-98E2-4DFC-8719-7FA80EB953F1}.Release|x86.ActiveCfg = Release|Any CPU
		{F9A2EC23-98E2-4DFC-8719-7FA80EB953F1}.Release|x86.Build.0 = Release|Any CPU
		{32F59891-AEAF-45EA-BC8B-BC682467CF19}.Debug|Any CPU.ActiveCfg = Debug|Any CPU
		{32F59891-AEAF-45EA-BC8B-BC682467CF19}.Debug|Any CPU.Build.0 = Debug|Any CPU
		{32F59891-AEAF-45EA-BC8B-BC682467CF19}.Debug|x64.ActiveCfg = Debug|Any CPU
		{32F59891-AEAF-45EA-BC8B-BC682467CF19}.Debug|x64.Build.0 = Debug|Any CPU
		{32F59891-AEAF-45EA-BC8B-BC682467CF19}.Debug|x86.ActiveCfg = Debug|Any CPU
		{32F59891-AEAF-45EA-BC8B-BC682467CF19}.Debug|x86.Build.0 = Debug|Any CPU
		{32F59891-AEAF-45EA-BC8B-BC682467CF19}.Release|Any CPU.ActiveCfg = Release|Any CPU
		{32F59891-AEAF-45EA-BC8B-BC682467CF19}.Release|Any CPU.Build.0 = Release|Any CPU
		{32F59891-AEAF-45EA-BC8B-BC682467CF19}.Release|x64.ActiveCfg = Release|Any CPU
		{32F59891-AEAF-45EA-BC8B-BC682467CF19}.Release|x64.Build.0 = Release|Any CPU
		{32F59891-AEAF-45EA-BC8B-BC682467CF19}.Release|x86.ActiveCfg = Release|Any CPU
		{32F59891-AEAF-45EA-BC8B-BC682467CF19}.Release|x86.Build.0 = Release|Any CPU
		{5C3D0EFD-98F7-4355-91E0-1E07FB8396B8}.Debug|Any CPU.ActiveCfg = Debug|Any CPU
		{5C3D0EFD-98F7-4355-91E0-1E07FB8396B8}.Debug|Any CPU.Build.0 = Debug|Any CPU
		{5C3D0EFD-98F7-4355-91E0-1E07FB8396B8}.Debug|x64.ActiveCfg = Debug|Any CPU
		{5C3D0EFD-98F7-4355-91E0-1E07FB8396B8}.Debug|x64.Build.0 = Debug|Any CPU
		{5C3D0EFD-98F7-4355-91E0-1E07FB8396B8}.Debug|x86.ActiveCfg = Debug|Any CPU
		{5C3D0EFD-98F7-4355-91E0-1E07FB8396B8}.Debug|x86.Build.0 = Debug|Any CPU
		{5C3D0EFD-98F7-4355-91E0-1E07FB8396B8}.Release|Any CPU.ActiveCfg = Release|Any CPU
		{5C3D0EFD-98F7-4355-91E0-1E07FB8396B8}.Release|Any CPU.Build.0 = Release|Any CPU
		{5C3D0EFD-98F7-4355-91E0-1E07FB8396B8}.Release|x64.ActiveCfg = Release|Any CPU
		{5C3D0EFD-98F7-4355-91E0-1E07FB8396B8}.Release|x64.Build.0 = Release|Any CPU
		{5C3D0EFD-98F7-4355-91E0-1E07FB8396B8}.Release|x86.ActiveCfg = Release|Any CPU
		{5C3D0EFD-98F7-4355-91E0-1E07FB8396B8}.Release|x86.Build.0 = Release|Any CPU
		{FA4C7C47-16DB-4299-BE04-4D2D83691A79}.Debug|Any CPU.ActiveCfg = Debug|Any CPU
		{FA4C7C47-16DB-4299-BE04-4D2D83691A79}.Debug|Any CPU.Build.0 = Debug|Any CPU
		{FA4C7C47-16DB-4299-BE04-4D2D83691A79}.Debug|x64.ActiveCfg = Debug|Any CPU
		{FA4C7C47-16DB-4299-BE04-4D2D83691A79}.Debug|x64.Build.0 = Debug|Any CPU
		{FA4C7C47-16DB-4299-BE04-4D2D83691A79}.Debug|x86.ActiveCfg = Debug|Any CPU
		{FA4C7C47-16DB-4299-BE04-4D2D83691A79}.Debug|x86.Build.0 = Debug|Any CPU
		{FA4C7C47-16DB-4299-BE04-4D2D83691A79}.Release|Any CPU.ActiveCfg = Release|Any CPU
		{FA4C7C47-16DB-4299-BE04-4D2D83691A79}.Release|Any CPU.Build.0 = Release|Any CPU
		{FA4C7C47-16DB-4299-BE04-4D2D83691A79}.Release|x64.ActiveCfg = Release|Any CPU
		{FA4C7C47-16DB-4299-BE04-4D2D83691A79}.Release|x64.Build.0 = Release|Any CPU
		{FA4C7C47-16DB-4299-BE04-4D2D83691A79}.Release|x86.ActiveCfg = Release|Any CPU
		{FA4C7C47-16DB-4299-BE04-4D2D83691A79}.Release|x86.Build.0 = Release|Any CPU
		{8E80A13C-6F30-42D9-A5BC-A8DB1A911DE7}.Debug|Any CPU.ActiveCfg = Debug|Any CPU
		{8E80A13C-6F30-42D9-A5BC-A8DB1A911DE7}.Debug|Any CPU.Build.0 = Debug|Any CPU
		{8E80A13C-6F30-42D9-A5BC-A8DB1A911DE7}.Debug|x64.ActiveCfg = Debug|Any CPU
		{8E80A13C-6F30-42D9-A5BC-A8DB1A911DE7}.Debug|x64.Build.0 = Debug|Any CPU
		{8E80A13C-6F30-42D9-A5BC-A8DB1A911DE7}.Debug|x86.ActiveCfg = Debug|Any CPU
		{8E80A13C-6F30-42D9-A5BC-A8DB1A911DE7}.Debug|x86.Build.0 = Debug|Any CPU
		{8E80A13C-6F30-42D9-A5BC-A8DB1A911DE7}.Release|Any CPU.ActiveCfg = Release|Any CPU
		{8E80A13C-6F30-42D9-A5BC-A8DB1A911DE7}.Release|Any CPU.Build.0 = Release|Any CPU
		{8E80A13C-6F30-42D9-A5BC-A8DB1A911DE7}.Release|x64.ActiveCfg = Release|Any CPU
		{8E80A13C-6F30-42D9-A5BC-A8DB1A911DE7}.Release|x64.Build.0 = Release|Any CPU
		{8E80A13C-6F30-42D9-A5BC-A8DB1A911DE7}.Release|x86.ActiveCfg = Release|Any CPU
		{8E80A13C-6F30-42D9-A5BC-A8DB1A911DE7}.Release|x86.Build.0 = Release|Any CPU
		{B711D1F1-E435-4FBA-A163-BA7C4BCA581C}.Debug|Any CPU.ActiveCfg = Debug|Any CPU
		{B711D1F1-E435-4FBA-A163-BA7C4BCA581C}.Debug|Any CPU.Build.0 = Debug|Any CPU
		{B711D1F1-E435-4FBA-A163-BA7C4BCA581C}.Debug|x64.ActiveCfg = Debug|Any CPU
		{B711D1F1-E435-4FBA-A163-BA7C4BCA581C}.Debug|x64.Build.0 = Debug|Any CPU
		{B711D1F1-E435-4FBA-A163-BA7C4BCA581C}.Debug|x86.ActiveCfg = Debug|Any CPU
		{B711D1F1-E435-4FBA-A163-BA7C4BCA581C}.Debug|x86.Build.0 = Debug|Any CPU
		{B711D1F1-E435-4FBA-A163-BA7C4BCA581C}.Release|Any CPU.ActiveCfg = Release|Any CPU
		{B711D1F1-E435-4FBA-A163-BA7C4BCA581C}.Release|Any CPU.Build.0 = Release|Any CPU
		{B711D1F1-E435-4FBA-A163-BA7C4BCA581C}.Release|x64.ActiveCfg = Release|Any CPU
		{B711D1F1-E435-4FBA-A163-BA7C4BCA581C}.Release|x64.Build.0 = Release|Any CPU
		{B711D1F1-E435-4FBA-A163-BA7C4BCA581C}.Release|x86.ActiveCfg = Release|Any CPU
		{B711D1F1-E435-4FBA-A163-BA7C4BCA581C}.Release|x86.Build.0 = Release|Any CPU
	EndGlobalSection
	GlobalSection(SolutionProperties) = preSolution
		HideSolutionNode = FALSE
	EndGlobalSection
EndGlobal
