Microsoft Visual Studio Solution File, Format Version 12.00
# Visual Studio Version 17
VisualStudioVersion = 17.5.2.0
MinimumVisualStudioVersion = 10.0.40219.1
Project("{FAE04EC0-301F-11D3-BF4B-00C04F79EFBC}") = "NewDevTest", "NewDevTest.csproj", "{37D1DD10-B04A-6D21-EB50-9B5A4DF7E853}"
EndProject
Global
	GlobalSection(SolutionConfigurationPlatforms) = preSolution
		Debug|Any CPU = Debug|Any CPU
		Release|Any CPU = Release|Any CPU
	EndGlobalSection
	GlobalSection(ProjectConfigurationPlatforms) = postSolution
		{37D1DD10-B04A-6D21-EB50-9B5A4DF7E853}.Debug|Any CPU.ActiveCfg = Debug|Any CPU
		{37D1DD10-B04A-6D21-EB50-9B5A4DF7E853}.Debug|Any CPU.Build.0 = Debug|Any CPU
		{37D1DD10-B04A-6D21-EB50-9B5A4DF7E853}.Release|Any CPU.ActiveCfg = Release|Any CPU
		{37D1DD10-B04A-6D21-EB50-9B5A4DF7E853}.Release|Any CPU.Build.0 = Release|Any CPU
	EndGlobalSection
	GlobalSection(SolutionProperties) = preSolution
		HideSolutionNode = FALSE
	EndGlobalSection
	GlobalSection(ExtensibilityGlobals) = postSolution
		SolutionGuid = {4ED9C2B2-9930-4C1A-BF9E-C44A210BCD74}
	EndGlobalSection
EndGlobal
