
Microsoft Visual Studio Solution File, Format Version 12.00
# Visual Studio Version 17
VisualStudioVersion = 17.0.31903.59
MinimumVisualStudioVersion = 10.0.40219.1
Project("{2150E333-8FDC-42A3-9474-1A3956D46DE8}") = "src", "src", "{827E0CD3-B72D-47B6-A68D-7590B98EB39B}"
EndProject
Project("{2150E333-8FDC-42A3-9474-1A3956D46DE8}") = "Services", "Services", "{984BB9B3-3FA3-BE33-9484-CAC21695A33C}"
EndProject
Project("{FAE04EC0-301F-11D3-BF4B-00C04F79EFBC}") = "Ipam.Frontend", "src\Services\Ipam.Frontend\Ipam.Frontend.csproj", "{A6DF3B2A-DEEF-4C3F-9D8B-4FF2EC0F3C69}"
EndProject
Project("{FAE04EC0-301F-11D3-BF4B-00C04F79EFBC}") = "Ipam.DataAccess", "src\Services\Ipam.DataAccess\Ipam.DataAccess.csproj", "{E7EFD2F0-F681-478B-BBBB-D6074BC6C049}"
EndProject
Project("{FAE04EC0-301F-11D3-BF4B-00C04F79EFBC}") = "Ipam.Core", "src\Shared\Ipam.Core\Ipam.Core.csproj", "{B2B00517-CDDB-4D53-BE9D-A69A82CC3316}"
EndProject
Project("{FAE04EC0-301F-11D3-BF4B-00C04F79EFBC}") = "Ipam.Dto", "src\Shared\Ipam.Dto\Ipam.Dto.csproj", "{22AF4B05-DA8E-4EC5-9D15-2C7156D5A0A6}"
EndProject
Project("{FAE04EC0-301F-11D3-BF4B-00C04F79EFBC}") = "ApiGateway", "src\Gateways\ApiGateway\ApiGateway.csproj", "{7DC28C94-A6A0-4ABF-AF35-3DC6BFA6F0BA}"
EndProject
Project("{FAE04EC0-301F-11D3-BF4B-00C04F79EFBC}") = "Ipam.Client", "src\Clients\Ipam.Client\Ipam.Client.csproj", "{F83845EF-6F6F-436D-967B-90A21E7C949F}"
EndProject
Project("{FAE04EC0-301F-11D3-BF4B-00C04F79EFBC}") = "Ipam.PowerShell", "src\Clients\Ipam.PowerShell\Ipam.PowerShell.csproj", "{19A199E3-012E-46A8-8B6E-CCC87404F8AC}"
EndProject
Project("{FAE04EC0-301F-11D3-BF4B-00C04F79EFBC}") = "Ipam.Frontend.Tests", "tests\Ipam.Frontend.Tests\Ipam.Frontend.Tests.csproj", "{718CCC5B-DCDB-4D5E-8997-227F02925281}"
EndProject
Project("{FAE04EC0-301F-11D3-BF4B-00C04F79EFBC}") = "Ipam.DataAccess.Tests", "tests\Ipam.DataAccess.Tests\Ipam.DataAccess.Tests.csproj", "{C7CF6A02-54F2-493A-BB9B-A747E3945ADC}"
EndProject
Project("{FAE04EC0-301F-11D3-BF4B-00C04F79EFBC}") = "Ipam.Core.Tests", "tests\Ipam.Core.Tests\Ipam.Core.Tests.csproj", "{63F95D0D-65C8-4DD5-9770-6BE09F1CE9CB}"
EndProject
Project("{2150E333-8FDC-42A3-9474-1A3956D46DE8}") = "Clients", "Clients", "{00B920E4-100F-D869-D8B1-04B3A2ED45DA}"
EndProject
Project("{FAE04EC0-301F-11D3-BF4B-00C04F79EFBC}") = "Ipam.Web", "src\Clients\Ipam.Web\Ipam.Web.csproj", "{A822434E-0186-4147-B7BF-898AA0DC5627}"
EndProject
Global
	GlobalSection(SolutionConfigurationPlatforms) = preSolution
		Debug|Any CPU = Debug|Any CPU
		Debug|x64 = Debug|x64
		Debug|x86 = Debug|x86
		Release|Any CPU = Release|Any CPU
		Release|x64 = Release|x64
		Release|x86 = Release|x86
	EndGlobalSection
	GlobalSection(ProjectConfigurationPlatforms) = postSolution
		{A6DF3B2A-DEEF-4C3F-9D8B-4FF2EC0F3C69}.Debug|Any CPU.ActiveCfg = Debug|Any CPU
		{A6DF3B2A-DEEF-4C3F-9D8B-4FF2EC0F3C69}.Debug|Any CPU.Build.0 = Debug|Any CPU
		{A6DF3B2A-DEEF-4C3F-9D8B-4FF2EC0F3C69}.Debug|x64.ActiveCfg = Debug|Any CPU
		{A6DF3B2A-DEEF-4C3F-9D8B-4FF2EC0F3C69}.Debug|x64.Build.0 = Debug|Any CPU
		{A6DF3B2A-DEEF-4C3F-9D8B-4FF2EC0F3C69}.Debug|x86.ActiveCfg = Debug|Any CPU
		{A6DF3B2A-DEEF-4C3F-9D8B-4FF2EC0F3C69}.Debug|x86.Build.0 = Debug|Any CPU
		{A6DF3B2A-DEEF-4C3F-9D8B-4FF2EC0F3C69}.Release|Any CPU.ActiveCfg = Release|Any CPU
		{A6DF3B2A-DEEF-4C3F-9D8B-4FF2EC0F3C69}.Release|Any CPU.Build.0 = Release|Any CPU
		{A6DF3B2A-DEEF-4C3F-9D8B-4FF2EC0F3C69}.Release|x64.ActiveCfg = Release|Any CPU
		{A6DF3B2A-DEEF-4C3F-9D8B-4FF2EC0F3C69}.Release|x64.Build.0 = Release|Any CPU
		{A6DF3B2A-DEEF-4C3F-9D8B-4FF2EC0F3C69}.Release|x86.ActiveCfg = Release|Any CPU
		{A6DF3B2A-DEEF-4C3F-9D8B-4FF2EC0F3C69}.Release|x86.Build.0 = Release|Any CPU
		{E7EFD2F0-F681-478B-BBBB-D6074BC6C049}.Debug|Any CPU.ActiveCfg = Debug|Any CPU
		{E7EFD2F0-F681-478B-BBBB-D6074BC6C049}.Debug|Any CPU.Build.0 = Debug|Any CPU
		{E7EFD2F0-F681-478B-BBBB-D6074BC6C049}.Debug|x64.ActiveCfg = Debug|Any CPU
		{E7EFD2F0-F681-478B-BBBB-D6074BC6C049}.Debug|x64.Build.0 = Debug|Any CPU
		{E7EFD2F0-F681-478B-BBBB-D6074BC6C049}.Debug|x86.ActiveCfg = Debug|Any CPU
		{E7EFD2F0-F681-478B-BBBB-D6074BC6C049}.Debug|x86.Build.0 = Debug|Any CPU
		{E7EFD2F0-F681-478B-BBBB-D6074BC6C049}.Release|Any CPU.ActiveCfg = Release|Any CPU
		{E7EFD2F0-F681-478B-BBBB-D6074BC6C049}.Release|Any CPU.Build.0 = Release|Any CPU
		{E7EFD2F0-F681-478B-BBBB-D6074BC6C049}.Release|x64.ActiveCfg = Release|Any CPU
		{E7EFD2F0-F681-478B-BBBB-D6074BC6C049}.Release|x64.Build.0 = Release|Any CPU
		{E7EFD2F0-F681-478B-BBBB-D6074BC6C049}.Release|x86.ActiveCfg = Release|Any CPU
		{E7EFD2F0-F681-478B-BBBB-D6074BC6C049}.Release|x86.Build.0 = Release|Any CPU
		{B2B00517-CDDB-4D53-BE9D-A69A82CC3316}.Debug|Any CPU.ActiveCfg = Debug|Any CPU
		{B2B00517-CDDB-4D53-BE9D-A69A82CC3316}.Debug|Any CPU.Build.0 = Debug|Any CPU
		{B2B00517-CDDB-4D53-BE9D-A69A82CC3316}.Debug|x64.ActiveCfg = Debug|Any CPU
		{B2B00517-CDDB-4D53-BE9D-A69A82CC3316}.Debug|x64.Build.0 = Debug|Any CPU
		{B2B00517-CDDB-4D53-BE9D-A69A82CC3316}.Debug|x86.ActiveCfg = Debug|Any CPU
		{B2B00517-CDDB-4D53-BE9D-A69A82CC3316}.Debug|x86.Build.0 = Debug|Any CPU
		{B2B00517-CDDB-4D53-BE9D-A69A82CC3316}.Release|Any CPU.ActiveCfg = Release|Any CPU
		{B2B00517-CDDB-4D53-BE9D-A69A82CC3316}.Release|Any CPU.Build.0 = Release|Any CPU
		{B2B00517-CDDB-4D53-BE9D-A69A82CC3316}.Release|x64.ActiveCfg = Release|Any CPU
		{B2B00517-CDDB-4D53-BE9D-A69A82CC3316}.Release|x64.Build.0 = Release|Any CPU
		{B2B00517-CDDB-4D53-BE9D-A69A82CC3316}.Release|x86.ActiveCfg = Release|Any CPU
		{B2B00517-CDDB-4D53-BE9D-A69A82CC3316}.Release|x86.Build.0 = Release|Any CPU
		{22AF4B05-DA8E-4EC5-9D15-2C7156D5A0A6}.Debug|Any CPU.ActiveCfg = Debug|Any CPU
		{22AF4B05-DA8E-4EC5-9D15-2C7156D5A0A6}.Debug|Any CPU.Build.0 = Debug|Any CPU
		{22AF4B05-DA8E-4EC5-9D15-2C7156D5A0A6}.Debug|x64.ActiveCfg = Debug|Any CPU
		{22AF4B05-DA8E-4EC5-9D15-2C7156D5A0A6}.Debug|x64.Build.0 = Debug|Any CPU
		{22AF4B05-DA8E-4EC5-9D15-2C7156D5A0A6}.Debug|x86.ActiveCfg = Debug|Any CPU
		{22AF4B05-DA8E-4EC5-9D15-2C7156D5A0A6}.Debug|x86.Build.0 = Debug|Any CPU
		{22AF4B05-DA8E-4EC5-9D15-2C7156D5A0A6}.Release|Any CPU.ActiveCfg = Release|Any CPU
		{22AF4B05-DA8E-4EC5-9D15-2C7156D5A0A6}.Release|Any CPU.Build.0 = Release|Any CPU
		{22AF4B05-DA8E-4EC5-9D15-2C7156D5A0A6}.Release|x64.ActiveCfg = Release|Any CPU
		{22AF4B05-DA8E-4EC5-9D15-2C7156D5A0A6}.Release|x64.Build.0 = Release|Any CPU
		{22AF4B05-DA8E-4EC5-9D15-2C7156D5A0A6}.Release|x86.ActiveCfg = Release|Any CPU
		{22AF4B05-DA8E-4EC5-9D15-2C7156D5A0A6}.Release|x86.Build.0 = Release|Any CPU
		{7DC28C94-A6A0-4ABF-AF35-3DC6BFA6F0BA}.Debug|Any CPU.ActiveCfg = Debug|Any CPU
		{7DC28C94-A6A0-4ABF-AF35-3DC6BFA6F0BA}.Debug|Any CPU.Build.0 = Debug|Any CPU
		{7DC28C94-A6A0-4ABF-AF35-3DC6BFA6F0BA}.Debug|x64.ActiveCfg = Debug|Any CPU
		{7DC28C94-A6A0-4ABF-AF35-3DC6BFA6F0BA}.Debug|x64.Build.0 = Debug|Any CPU
		{7DC28C94-A6A0-4ABF-AF35-3DC6BFA6F0BA}.Debug|x86.ActiveCfg = Debug|Any CPU
		{7DC28C94-A6A0-4ABF-AF35-3DC6BFA6F0BA}.Debug|x86.Build.0 = Debug|Any CPU
		{7DC28C94-A6A0-4ABF-AF35-3DC6BFA6F0BA}.Release|Any CPU.ActiveCfg = Release|Any CPU
		{7DC28C94-A6A0-4ABF-AF35-3DC6BFA6F0BA}.Release|Any CPU.Build.0 = Release|Any CPU
		{7DC28C94-A6A0-4ABF-AF35-3DC6BFA6F0BA}.Release|x64.ActiveCfg = Release|Any CPU
		{7DC28C94-A6A0-4ABF-AF35-3DC6BFA6F0BA}.Release|x64.Build.0 = Release|Any CPU
		{7DC28C94-A6A0-4ABF-AF35-3DC6BFA6F0BA}.Release|x86.ActiveCfg = Release|Any CPU
		{7DC28C94-A6A0-4ABF-AF35-3DC6BFA6F0BA}.Release|x86.Build.0 = Release|Any CPU
		{F83845EF-6F6F-436D-967B-90A21E7C949F}.Debug|Any CPU.ActiveCfg = Debug|Any CPU
		{F83845EF-6F6F-436D-967B-90A21E7C949F}.Debug|Any CPU.Build.0 = Debug|Any CPU
		{F83845EF-6F6F-436D-967B-90A21E7C949F}.Debug|x64.ActiveCfg = Debug|Any CPU
		{F83845EF-6F6F-436D-967B-90A21E7C949F}.Debug|x64.Build.0 = Debug|Any CPU
		{F83845EF-6F6F-436D-967B-90A21E7C949F}.Debug|x86.ActiveCfg = Debug|Any CPU
		{F83845EF-6F6F-436D-967B-90A21E7C949F}.Debug|x86.Build.0 = Debug|Any CPU
		{F83845EF-6F6F-436D-967B-90A21E7C949F}.Release|Any CPU.ActiveCfg = Release|Any CPU
		{F83845EF-6F6F-436D-967B-90A21E7C949F}.Release|Any CPU.Build.0 = Release|Any CPU
		{F83845EF-6F6F-436D-967B-90A21E7C949F}.Release|x64.ActiveCfg = Release|Any CPU
		{F83845EF-6F6F-436D-967B-90A21E7C949F}.Release|x64.Build.0 = Release|Any CPU
		{F83845EF-6F6F-436D-967B-90A21E7C949F}.Release|x86.ActiveCfg = Release|Any CPU
		{F83845EF-6F6F-436D-967B-90A21E7C949F}.Release|x86.Build.0 = Release|Any CPU
		{19A199E3-012E-46A8-8B6E-CCC87404F8AC}.Debug|Any CPU.ActiveCfg = Debug|Any CPU
		{19A199E3-012E-46A8-8B6E-CCC87404F8AC}.Debug|Any CPU.Build.0 = Debug|Any CPU
		{19A199E3-012E-46A8-8B6E-CCC87404F8AC}.Debug|x64.ActiveCfg = Debug|Any CPU
		{19A199E3-012E-46A8-8B6E-CCC87404F8AC}.Debug|x64.Build.0 = Debug|Any CPU
		{19A199E3-012E-46A8-8B6E-CCC87404F8AC}.Debug|x86.ActiveCfg = Debug|Any CPU
		{19A199E3-012E-46A8-8B6E-CCC87404F8AC}.Debug|x86.Build.0 = Debug|Any CPU
		{19A199E3-012E-46A8-8B6E-CCC87404F8AC}.Release|Any CPU.ActiveCfg = Release|Any CPU
		{19A199E3-012E-46A8-8B6E-CCC87404F8AC}.Release|Any CPU.Build.0 = Release|Any CPU
		{19A199E3-012E-46A8-8B6E-CCC87404F8AC}.Release|x64.ActiveCfg = Release|Any CPU
		{19A199E3-012E-46A8-8B6E-CCC87404F8AC}.Release|x64.Build.0 = Release|Any CPU
		{19A199E3-012E-46A8-8B6E-CCC87404F8AC}.Release|x86.ActiveCfg = Release|Any CPU
		{19A199E3-012E-46A8-8B6E-CCC87404F8AC}.Release|x86.Build.0 = Release|Any CPU
		{718CCC5B-DCDB-4D5E-8997-227F02925281}.Debug|Any CPU.ActiveCfg = Debug|Any CPU
		{718CCC5B-DCDB-4D5E-8997-227F02925281}.Debug|Any CPU.Build.0 = Debug|Any CPU
		{718CCC5B-DCDB-4D5E-8997-227F02925281}.Debug|x64.ActiveCfg = Debug|Any CPU
		{718CCC5B-DCDB-4D5E-8997-227F02925281}.Debug|x64.Build.0 = Debug|Any CPU
		{718CCC5B-DCDB-4D5E-8997-227F02925281}.Debug|x86.ActiveCfg = Debug|Any CPU
		{718CCC5B-DCDB-4D5E-8997-227F02925281}.Debug|x86.Build.0 = Debug|Any CPU
		{718CCC5B-DCDB-4D5E-8997-227F02925281}.Release|Any CPU.ActiveCfg = Release|Any CPU
		{718CCC5B-DCDB-4D5E-8997-227F02925281}.Release|Any CPU.Build.0 = Release|Any CPU
		{718CCC5B-DCDB-4D5E-8997-227F02925281}.Release|x64.ActiveCfg = Release|Any CPU
		{718CCC5B-DCDB-4D5E-8997-227F02925281}.Release|x64.Build.0 = Release|Any CPU
		{718CCC5B-DCDB-4D5E-8997-227F02925281}.Release|x86.ActiveCfg = Release|Any CPU
		{718CCC5B-DCDB-4D5E-8997-227F02925281}.Release|x86.Build.0 = Release|Any CPU
		{C7CF6A02-54F2-493A-BB9B-A747E3945ADC}.Debug|Any CPU.ActiveCfg = Debug|Any CPU
		{C7CF6A02-54F2-493A-BB9B-A747E3945ADC}.Debug|Any CPU.Build.0 = Debug|Any CPU
		{C7CF6A02-54F2-493A-BB9B-A747E3945ADC}.Debug|x64.ActiveCfg = Debug|Any CPU
		{C7CF6A02-54F2-493A-BB9B-A747E3945ADC}.Debug|x64.Build.0 = Debug|Any CPU
		{C7CF6A02-54F2-493A-BB9B-A747E3945ADC}.Debug|x86.ActiveCfg = Debug|Any CPU
		{C7CF6A02-54F2-493A-BB9B-A747E3945ADC}.Debug|x86.Build.0 = Debug|Any CPU
		{C7CF6A02-54F2-493A-BB9B-A747E3945ADC}.Release|Any CPU.ActiveCfg = Release|Any CPU
		{C7CF6A02-54F2-493A-BB9B-A747E3945ADC}.Release|Any CPU.Build.0 = Release|Any CPU
		{C7CF6A02-54F2-493A-BB9B-A747E3945ADC}.Release|x64.ActiveCfg = Release|Any CPU
		{C7CF6A02-54F2-493A-BB9B-A747E3945ADC}.Release|x64.Build.0 = Release|Any CPU
		{C7CF6A02-54F2-493A-BB9B-A747E3945ADC}.Release|x86.ActiveCfg = Release|Any CPU
		{C7CF6A02-54F2-493A-BB9B-A747E3945ADC}.Release|x86.Build.0 = Release|Any CPU
		{63F95D0D-65C8-4DD5-9770-6BE09F1CE9CB}.Debug|Any CPU.ActiveCfg = Debug|Any CPU
		{63F95D0D-65C8-4DD5-9770-6BE09F1CE9CB}.Debug|Any CPU.Build.0 = Debug|Any CPU
		{63F95D0D-65C8-4DD5-9770-6BE09F1CE9CB}.Debug|x64.ActiveCfg = Debug|Any CPU
		{63F95D0D-65C8-4DD5-9770-6BE09F1CE9CB}.Debug|x64.Build.0 = Debug|Any CPU
		{63F95D0D-65C8-4DD5-9770-6BE09F1CE9CB}.Debug|x86.ActiveCfg = Debug|Any CPU
		{63F95D0D-65C8-4DD5-9770-6BE09F1CE9CB}.Debug|x86.Build.0 = Debug|Any CPU
		{63F95D0D-65C8-4DD5-9770-6BE09F1CE9CB}.Release|Any CPU.ActiveCfg = Release|Any CPU
		{63F95D0D-65C8-4DD5-9770-6BE09F1CE9CB}.Release|Any CPU.Build.0 = Release|Any CPU
		{63F95D0D-65C8-4DD5-9770-6BE09F1CE9CB}.Release|x64.ActiveCfg = Release|Any CPU
		{63F95D0D-65C8-4DD5-9770-6BE09F1CE9CB}.Release|x64.Build.0 = Release|Any CPU
		{63F95D0D-65C8-4DD5-9770-6BE09F1CE9CB}.Release|x86.ActiveCfg = Release|Any CPU
		{63F95D0D-65C8-4DD5-9770-6BE09F1CE9CB}.Release|x86.Build.0 = Release|Any CPU
		{A822434E-0186-4147-B7BF-898AA0DC5627}.Debug|Any CPU.ActiveCfg = Debug|Any CPU
		{A822434E-0186-4147-B7BF-898AA0DC5627}.Debug|Any CPU.Build.0 = Debug|Any CPU
		{A822434E-0186-4147-B7BF-898AA0DC5627}.Debug|x64.ActiveCfg = Debug|Any CPU
		{A822434E-0186-4147-B7BF-898AA0DC5627}.Debug|x64.Build.0 = Debug|Any CPU
		{A822434E-0186-4147-B7BF-898AA0DC5627}.Debug|x86.ActiveCfg = Debug|Any CPU
		{A822434E-0186-4147-B7BF-898AA0DC5627}.Debug|x86.Build.0 = Debug|Any CPU
		{A822434E-0186-4147-B7BF-898AA0DC5627}.Release|Any CPU.ActiveCfg = Release|Any CPU
		{A822434E-0186-4147-B7BF-898AA0DC5627}.Release|Any CPU.Build.0 = Release|Any CPU
		{A822434E-0186-4147-B7BF-898AA0DC5627}.Release|x64.ActiveCfg = Release|Any CPU
		{A822434E-0186-4147-B7BF-898AA0DC5627}.Release|x64.Build.0 = Release|Any CPU
		{A822434E-0186-4147-B7BF-898AA0DC5627}.Release|x86.ActiveCfg = Release|Any CPU
		{A822434E-0186-4147-B7BF-898AA0DC5627}.Release|x86.Build.0 = Release|Any CPU
	EndGlobalSection
	GlobalSection(SolutionProperties) = preSolution
		HideSolutionNode = FALSE
	EndGlobalSection
	GlobalSection(NestedProjects) = preSolution
		{984BB9B3-3FA3-BE33-9484-CAC21695A33C} = {827E0CD3-B72D-47B6-A68D-7590B98EB39B}
		{A6DF3B2A-DEEF-4C3F-9D8B-4FF2EC0F3C69} = {984BB9B3-3FA3-BE33-9484-CAC21695A33C}
		{E7EFD2F0-F681-478B-BBBB-D6074BC6C049} = {984BB9B3-3FA3-BE33-9484-CAC21695A33C}
		{B2B00517-CDDB-4D53-BE9D-A69A82CC3316} = {984BB9B3-3FA3-BE33-9484-CAC21695A33C}
		{22AF4B05-DA8E-4EC5-9D15-2C7156D5A0A6} = {984BB9B3-3FA3-BE33-9484-CAC21695A33C}
		{7DC28C94-A6A0-4ABF-AF35-3DC6BFA6F0BA} = {984BB9B3-3FA3-BE33-9484-CAC21695A33C}
		{F83845EF-6F6F-436D-967B-90A21E7C949F} = {984BB9B3-3FA3-BE33-9484-CAC21695A33C}
		{19A199E3-012E-46A8-8B6E-CCC87404F8AC} = {984BB9B3-3FA3-BE33-9484-CAC21695A33C}
		{718CCC5B-DCDB-4D5E-8997-227F02925281} = {984BB9B3-3FA3-BE33-9484-CAC21695A33C}
		{C7CF6A02-54F2-493A-BB9B-A747E3945ADC} = {984BB9B3-3FA3-BE33-9484-CAC21695A33C}
		{63F95D0D-65C8-4DD5-9770-6BE09F1CE9CB} = {984BB9B3-3FA3-BE33-9484-CAC21695A33C}
		{00B920E4-100F-D869-D8B1-04B3A2ED45DA} = {827E0CD3-B72D-47B6-A68D-7590B98EB39B}
		{A822434E-0186-4147-B7BF-898AA0DC5627} = {00B920E4-100F-D869-D8B1-04B3A2ED45DA}
	EndGlobalSection
EndGlobal
