Microsoft Visual Studio Solution File, Format Version 12.00
# Visual Studio Version 17
VisualStudioVersion = 17.0.31903.59
MinimumVisualStudioVersion = 10.0.40219.1
Project("{2150E333-8FDC-42A3-9474-1A3956D46DE8}") = "src", "src", "{827E0CD3-B72D-47B6-A68D-7590B98EB39B}"
EndProject
Project("{FAE04EC0-301F-11D3-BF4B-00C04F79EFBC}") = "Ipam.PowershellCLI", "src\Ipam.PowershellCLI\Ipam.PowershellCLI.csproj", "{5793EB0E-8890-475D-9F16-2D7BFE22B4B2}"
EndProject
Project("{FAE04EC0-301F-11D3-BF4B-00C04F79EFBC}") = "Ipam.DataAccess", "src\Ipam.DataAccess\Ipam.DataAccess.csproj", "{6793EB0E-8890-475D-9F16-2D7BFE22B4B3}"
EndProject
Project("{FAE04EC0-301F-11D3-BF4B-00C04F79EFBC}") = "Ipam.Frontend", "src\Ipam.Frontend\Ipam.Frontend.csproj", "{7793EB0E-8890-475D-9F16-2D7BFE22B4B4}"
EndProject
Project("{FAE04EC0-301F-11D3-BF4B-00C04F79EFBC}") = "Ipam.Gateway", "src\Ipam.Gateway\Ipam.Gateway.csproj", "{8793EB0E-8890-475D-9F16-2D7BFE22B4B5}"
EndProject
Project("{FAE04EC0-301F-11D3-BF4B-00C04F79EFBC}") = "Ipam.Client", "src\Ipam.Client\Ipam.Client.csproj", "{9793EB0E-8890-475D-9F16-2D7BFE22B4B6}"
EndProject
Project("{FAE04EC0-301F-11D3-BF4B-00C04F79EFBC}") = "Ipam.DataAccess.Api", "src\Ipam.DataAccess.Api\Ipam.DataAccess.Api.csproj", "{C793EB0E-8890-475D-9F16-2D7BFE22B4B9}"
EndProject
Project("{2150E333-8FDC-42A3-9474-1A3956D46DE8}") = "tests", "tests", "{927E0CD3-B72D-47B6-A68D-7590B98EB39C}"
EndProject
Project("{FAE04EC0-301F-11D3-BF4B-00C04F79EFBC}") = "Ipam.DataAccess.Tests", "tests\Ipam.DataAccess.Tests\Ipam.DataAccess.Tests.csproj", "{A793EB0E-8890-475D-9F16-2D7BFE22B4B7}"
EndProject
Project("{FAE04EC0-301F-11D3-BF4B-00C04F79EFBC}") = "Ipam.Frontend.Tests", "tests\Ipam.Frontend.Tests\Ipam.Frontend.Tests.csproj", "{B793EB0E-8890-475D-9F16-2D7BFE22B4B8}"
EndProject
Global
	GlobalSection(SolutionConfigurationPlatforms) = preSolution
		Debug|Any CPU = Debug|Any CPU
		Debug|x64 = Debug|x64
		Debug|x86 = Debug|x86
		Release|Any CPU = Release|Any CPU
		Release|x64 = Release|x64
		Release|x86 = Release|x86
	EndGlobalSection
	GlobalSection(ProjectConfigurationPlatforms) = postSolution
		{5793EB0E-8890-475D-9F16-2D7BFE22B4B2}.Debug|Any CPU.ActiveCfg = Debug|Any CPU
		{5793EB0E-8890-475D-9F16-2D7BFE22B4B2}.Debug|Any CPU.Build.0 = Debug|Any CPU
		{5793EB0E-8890-475D-9F16-2D7BFE22B4B2}.Debug|x64.ActiveCfg = Debug|Any CPU
		{5793EB0E-8890-475D-9F16-2D7BFE22B4B2}.Debug|x64.Build.0 = Debug|Any CPU
		{5793EB0E-8890-475D-9F16-2D7BFE22B4B2}.Debug|x86.ActiveCfg = Debug|Any CPU
		{5793EB0E-8890-475D-9F16-2D7BFE22B4B2}.Debug|x86.Build.0 = Debug|Any CPU
		{5793EB0E-8890-475D-9F16-2D7BFE22B4B2}.Release|Any CPU.ActiveCfg = Release|Any CPU
		{5793EB0E-8890-475D-9F16-2D7BFE22B4B2}.Release|Any CPU.Build.0 = Release|Any CPU
		{5793EB0E-8890-475D-9F16-2D7BFE22B4B2}.Release|x64.ActiveCfg = Release|Any CPU
		{5793EB0E-8890-475D-9F16-2D7BFE22B4B2}.Release|x64.Build.0 = Release|Any CPU
		{5793EB0E-8890-475D-9F16-2D7BFE22B4B2}.Release|x86.ActiveCfg = Release|Any CPU
		{5793EB0E-8890-475D-9F16-2D7BFE22B4B2}.Release|x86.Build.0 = Release|Any CPU
		{6793EB0E-8890-475D-9F16-2D7BFE22B4B3}.Debug|Any CPU.ActiveCfg = Debug|Any CPU
		{6793EB0E-8890-475D-9F16-2D7BFE22B4B3}.Debug|Any CPU.Build.0 = Debug|Any CPU
		{6793EB0E-8890-475D-9F16-2D7BFE22B4B3}.Debug|x64.ActiveCfg = Debug|Any CPU
		{6793EB0E-8890-475D-9F16-2D7BFE22B4B3}.Debug|x64.Build.0 = Debug|Any CPU
		{6793EB0E-8890-475D-9F16-2D7BFE22B4B3}.Debug|x86.ActiveCfg = Debug|Any CPU
		{6793EB0E-8890-475D-9F16-2D7BFE22B4B3}.Debug|x86.Build.0 = Debug|Any CPU
		{6793EB0E-8890-475D-9F16-2D7BFE22B4B3}.Release|Any CPU.ActiveCfg = Release|Any CPU
		{6793EB0E-8890-475D-9F16-2D7BFE22B4B3}.Release|Any CPU.Build.0 = Release|Any CPU
		{6793EB0E-8890-475D-9F16-2D7BFE22B4B3}.Release|x64.ActiveCfg = Release|Any CPU
		{6793EB0E-8890-475D-9F16-2D7BFE22B4B3}.Release|x64.Build.0 = Release|Any CPU
		{6793EB0E-8890-475D-9F16-2D7BFE22B4B3}.Release|x86.ActiveCfg = Release|Any CPU
		{6793EB0E-8890-475D-9F16-2D7BFE22B4B3}.Release|x86.Build.0 = Release|Any CPU
		{7793EB0E-8890-475D-9F16-2D7BFE22B4B4}.Debug|Any CPU.ActiveCfg = Debug|Any CPU
		{7793EB0E-8890-475D-9F16-2D7BFE22B4B4}.Debug|Any CPU.Build.0 = Debug|Any CPU
		{7793EB0E-8890-475D-9F16-2D7BFE22B4B4}.Debug|x64.ActiveCfg = Debug|Any CPU
		{7793EB0E-8890-475D-9F16-2D7BFE22B4B4}.Debug|x64.Build.0 = Debug|Any CPU
		{7793EB0E-8890-475D-9F16-2D7BFE22B4B4}.Debug|x86.ActiveCfg = Debug|Any CPU
		{7793EB0E-8890-475D-9F16-2D7BFE22B4B4}.Debug|x86.Build.0 = Debug|Any CPU
		{7793EB0E-8890-475D-9F16-2D7BFE22B4B4}.Release|Any CPU.ActiveCfg = Release|Any CPU
		{7793EB0E-8890-475D-9F16-2D7BFE22B4B4}.Release|Any CPU.Build.0 = Release|Any CPU
		{7793EB0E-8890-475D-9F16-2D7BFE22B4B4}.Release|x64.ActiveCfg = Release|Any CPU
		{7793EB0E-8890-475D-9F16-2D7BFE22B4B4}.Release|x64.Build.0 = Release|Any CPU
		{7793EB0E-8890-475D-9F16-2D7BFE22B4B4}.Release|x86.ActiveCfg = Release|Any CPU
		{7793EB0E-8890-475D-9F16-2D7BFE22B4B4}.Release|x86.Build.0 = Release|Any CPU
		{8793EB0E-8890-475D-9F16-2D7BFE22B4B5}.Debug|Any CPU.ActiveCfg = Debug|Any CPU
		{8793EB0E-8890-475D-9F16-2D7BFE22B4B5}.Debug|Any CPU.Build.0 = Debug|Any CPU
		{8793EB0E-8890-475D-9F16-2D7BFE22B4B5}.Debug|x64.ActiveCfg = Debug|Any CPU
		{8793EB0E-8890-475D-9F16-2D7BFE22B4B5}.Debug|x64.Build.0 = Debug|Any CPU
		{8793EB0E-8890-475D-9F16-2D7BFE22B4B5}.Debug|x86.ActiveCfg = Debug|Any CPU
		{8793EB0E-8890-475D-9F16-2D7BFE22B4B5}.Debug|x86.Build.0 = Debug|Any CPU
		{8793EB0E-8890-475D-9F16-2D7BFE22B4B5}.Release|Any CPU.ActiveCfg = Release|Any CPU
		{8793EB0E-8890-475D-9F16-2D7BFE22B4B5}.Release|Any CPU.Build.0 = Release|Any CPU
		{8793EB0E-8890-475D-9F16-2D7BFE22B4B5}.Release|x64.ActiveCfg = Release|Any CPU
		{8793EB0E-8890-475D-9F16-2D7BFE22B4B5}.Release|x64.Build.0 = Release|Any CPU
		{8793EB0E-8890-475D-9F16-2D7BFE22B4B5}.Release|x86.ActiveCfg = Release|Any CPU
		{8793EB0E-8890-475D-9F16-2D7BFE22B4B5}.Release|x86.Build.0 = Release|Any CPU
		{9793EB0E-8890-475D-9F16-2D7BFE22B4B6}.Debug|Any CPU.ActiveCfg = Debug|Any CPU
		{9793EB0E-8890-475D-9F16-2D7BFE22B4B6}.Debug|Any CPU.Build.0 = Debug|Any CPU
		{9793EB0E-8890-475D-9F16-2D7BFE22B4B6}.Debug|x64.ActiveCfg = Debug|Any CPU
		{9793EB0E-8890-475D-9F16-2D7BFE22B4B6}.Debug|x64.Build.0 = Debug|Any CPU
		{9793EB0E-8890-475D-9F16-2D7BFE22B4B6}.Debug|x86.ActiveCfg = Debug|Any CPU
		{9793EB0E-8890-475D-9F16-2D7BFE22B4B6}.Debug|x86.Build.0 = Debug|Any CPU
		{9793EB0E-8890-475D-9F16-2D7BFE22B4B6}.Release|Any CPU.ActiveCfg = Release|Any CPU
		{9793EB0E-8890-475D-9F16-2D7BFE22B4B6}.Release|Any CPU.Build.0 = Release|Any CPU
		{9793EB0E-8890-475D-9F16-2D7BFE22B4B6}.Release|x64.ActiveCfg = Release|Any CPU
		{9793EB0E-8890-475D-9F16-2D7BFE22B4B6}.Release|x64.Build.0 = Release|Any CPU
		{9793EB0E-8890-475D-9F16-2D7BFE22B4B6}.Release|x86.ActiveCfg = Release|Any CPU
		{9793EB0E-8890-475D-9F16-2D7BFE22B4B6}.Release|x86.Build.0 = Release|Any CPU
		{C793EB0E-8890-475D-9F16-2D7BFE22B4B9}.Debug|Any CPU.ActiveCfg = Debug|Any CPU
		{C793EB0E-8890-475D-9F16-2D7BFE22B4B9}.Debug|Any CPU.Build.0 = Debug|Any CPU
		{C793EB0E-8890-475D-9F16-2D7BFE22B4B9}.Debug|x64.ActiveCfg = Debug|Any CPU
		{C793EB0E-8890-475D-9F16-2D7BFE22B4B9}.Debug|x64.Build.0 = Debug|Any CPU
		{C793EB0E-8890-475D-9F16-2D7BFE22B4B9}.Debug|x86.ActiveCfg = Debug|Any CPU
		{C793EB0E-8890-475D-9F16-2D7BFE22B4B9}.Debug|x86.Build.0 = Debug|Any CPU
		{C793EB0E-8890-475D-9F16-2D7BFE22B4B9}.Release|Any CPU.ActiveCfg = Release|Any CPU
		{C793EB0E-8890-475D-9F16-2D7BFE22B4B9}.Release|Any CPU.Build.0 = Release|Any CPU
		{C793EB0E-8890-475D-9F16-2D7BFE22B4B9}.Release|x64.ActiveCfg = Release|Any CPU
		{C793EB0E-8890-475D-9F16-2D7BFE22B4B9}.Release|x64.Build.0 = Release|Any CPU
		{C793EB0E-8890-475D-9F16-2D7BFE22B4B9}.Release|x86.ActiveCfg = Release|Any CPU
		{C793EB0E-8890-475D-9F16-2D7BFE22B4B9}.Release|x86.Build.0 = Release|Any CPU
	EndGlobalSection
	GlobalSection(SolutionProperties) = preSolution
		HideSolutionNode = FALSE
	EndGlobalSection
	GlobalSection(NestedProjects) = preSolution
		{5793EB0E-8890-475D-9F16-2D7BFE22B4B2} = {827E0CD3-B72D-47B6-A68D-7590B98EB39B}
		{6793EB0E-8890-475D-9F16-2D7BFE22B4B3} = {827E0CD3-B72D-47B6-A68D-7590B98EB39B}
		{7793EB0E-8890-475D-9F16-2D7BFE22B4B4} = {827E0CD3-B72D-47B6-A68D-7590B98EB39B}
		{8793EB0E-8890-475D-9F16-2D7BFE22B4B5} = {827E0CD3-B72D-47B6-A68D-7590B98EB39B}
		{9793EB0E-8890-475D-9F16-2D7BFE22B4B6} = {827E0CD3-B72D-47B6-A68D-7590B98EB39B}
		{C793EB0E-8890-475D-9F16-2D7BFE22B4B9} = {827E0CD3-B72D-47B6-A68D-7590B98EB39B}
		{A793EB0E-8890-475D-9F16-2D7BFE22B4B7} = {927E0CD3-B72D-47B6-A68D-7590B98EB39C}
		{B793EB0E-8890-475D-9F16-2D7BFE22B4B8} = {927E0CD3-B72D-47B6-A68D-7590B98EB39C}
	EndGlobalSection
EndGlobal
