Microsoft Visual Studio Solution File, Format Version 12.00
# Visual Studio Version 17
VisualStudioVersion = 17.0.31903.59
MinimumVisualStudioVersion = 10.0.40219.1
Project("{2150E333-8FDC-42A3-9474-1A3956D46DE8}") = "src", "src", "{827E0CD3-B72D-47B6-A68D-7590B98EB39B}"
EndProject
Project("{FAE04EC0-301F-11D3-BF4B-00C04F79EFBC}") = "IPAM.Core", "src\IPAM.Core\IPAM.Core.csproj", "{82B18BC2-9B49-4AF1-BC13-BDAD8B3778CE}"
EndProject
Project("{FAE04EC0-301F-11D3-BF4B-00C04F79EFBC}") = "IPAM.API", "src\IPAM.API\IPAM.API.csproj", "{B5083C3C-D814-415E-9B65-EB1F57879FBC}"
EndProject
Project("{FAE04EC0-301F-11D3-BF4B-00C04F79EFBC}") = "IPAM.Web", "src\IPAM.Web\IPAM.Web.csproj", "{4D2B08B6-8A28-4B30-8407-94C263B0A632}"
EndProject
Project("{FAE04EC0-301F-11D3-BF4B-00C04F79EFBC}") = "IPAM.CLI", "src\IPAM.CLI\IPAM.CLI.csproj", "{ED0CB38F-54A6-4770-BDD3-B7DCBA554502}"
EndProject
Project("{FAE04EC0-301F-11D3-BF4B-00C04F79EFBC}") = "IPAM.Data", "src\IPAM.Data\IPAM.Data.csproj", "{9117FF37-6A64-4654-B336-E1676BA0B2D5}"
EndProject
Global
	GlobalSection(SolutionConfigurationPlatforms) = preSolution
		Debug|Any CPU = Debug|Any CPU
		Debug|x64 = Debug|x64
		Debug|x86 = Debug|x86
		Release|Any CPU = Release|Any CPU
		Release|x64 = Release|x64
		Release|x86 = Release|x86
	EndGlobalSection
	GlobalSection(ProjectConfigurationPlatforms) = postSolution
		{82B18BC2-9B49-4AF1-BC13-BDAD8B3778CE}.Debug|Any CPU.ActiveCfg = Debug|Any CPU
		{82B18BC2-9B49-4AF1-BC13-BDAD8B3778CE}.Debug|Any CPU.Build.0 = Debug|Any CPU
		{82B18BC2-9B49-4AF1-BC13-BDAD8B3778CE}.Debug|x64.ActiveCfg = Debug|Any CPU
		{82B18BC2-9B49-4AF1-BC13-BDAD8B3778CE}.Debug|x64.Build.0 = Debug|Any CPU
		{82B18BC2-9B49-4AF1-BC13-BDAD8B3778CE}.Debug|x86.ActiveCfg = Debug|Any CPU
		{82B18BC2-9B49-4AF1-BC13-BDAD8B3778CE}.Debug|x86.Build.0 = Debug|Any CPU
		{82B18BC2-9B49-4AF1-BC13-BDAD8B3778CE}.Release|Any CPU.ActiveCfg = Release|Any CPU
		{82B18BC2-9B49-4AF1-BC13-BDAD8B3778CE}.Release|Any CPU.Build.0 = Release|Any CPU
		{82B18BC2-9B49-4AF1-BC13-BDAD8B3778CE}.Release|x64.ActiveCfg = Release|Any CPU
		{82B18BC2-9B49-4AF1-BC13-BDAD8B3778CE}.Release|x64.Build.0 = Release|Any CPU
		{82B18BC2-9B49-4AF1-BC13-BDAD8B3778CE}.Release|x86.ActiveCfg = Release|Any CPU
		{82B18BC2-9B49-4AF1-BC13-BDAD8B3778CE}.Release|x86.Build.0 = Release|Any CPU
		{B5083C3C-D814-415E-9B65-EB1F57879FBC}.Debug|Any CPU.ActiveCfg = Debug|Any CPU
		{B5083C3C-D814-415E-9B65-EB1F57879FBC}.Debug|Any CPU.Build.0 = Debug|Any CPU
		{B5083C3C-D814-415E-9B65-EB1F57879FBC}.Debug|x64.ActiveCfg = Debug|Any CPU
		{B5083C3C-D814-415E-9B65-EB1F57879FBC}.Debug|x64.Build.0 = Debug|Any CPU
		{B5083C3C-D814-415E-9B65-EB1F57879FBC}.Debug|x86.ActiveCfg = Debug|Any CPU
		{B5083C3C-D814-415E-9B65-EB1F57879FBC}.Debug|x86.Build.0 = Debug|Any CPU
		{B5083C3C-D814-415E-9B65-EB1F57879FBC}.Release|Any CPU.ActiveCfg = Release|Any CPU
		{B5083C3C-D814-415E-9B65-EB1F57879FBC}.Release|Any CPU.Build.0 = Release|Any CPU
		{B5083C3C-D814-415E-9B65-EB1F57879FBC}.Release|x64.ActiveCfg = Release|Any CPU
		{B5083C3C-D814-415E-9B65-EB1F57879FBC}.Release|x64.Build.0 = Release|Any CPU
		{B5083C3C-D814-415E-9B65-EB1F57879FBC}.Release|x86.ActiveCfg = Release|Any CPU
		{B5083C3C-D814-415E-9B65-EB1F57879FBC}.Release|x86.Build.0 = Release|Any CPU
		{4D2B08B6-8A28-4B30-8407-94C263B0A632}.Debug|Any CPU.ActiveCfg = Debug|Any CPU
		{4D2B08B6-8A28-4B30-8407-94C263B0A632}.Debug|Any CPU.Build.0 = Debug|Any CPU
		{4D2B08B6-8A28-4B30-8407-94C263B0A632}.Debug|x64.ActiveCfg = Debug|Any CPU
		{4D2B08B6-8A28-4B30-8407-94C263B0A632}.Debug|x64.Build.0 = Debug|Any CPU
		{4D2B08B6-8A28-4B30-8407-94C263B0A632}.Debug|x86.ActiveCfg = Debug|Any CPU
		{4D2B08B6-8A28-4B30-8407-94C263B0A632}.Debug|x86.Build.0 = Debug|Any CPU
		{4D2B08B6-8A28-4B30-8407-94C263B0A632}.Release|Any CPU.ActiveCfg = Release|Any CPU
		{4D2B08B6-8A28-4B30-8407-94C263B0A632}.Release|Any CPU.Build.0 = Release|Any CPU
		{4D2B08B6-8A28-4B30-8407-94C263B0A632}.Release|x64.ActiveCfg = Release|Any CPU
		{4D2B08B6-8A28-4B30-8407-94C263B0A632}.Release|x64.Build.0 = Release|Any CPU
		{4D2B08B6-8A28-4B30-8407-94C263B0A632}.Release|x86.ActiveCfg = Release|Any CPU
		{4D2B08B6-8A28-4B30-8407-94C263B0A632}.Release|x86.Build.0 = Release|Any CPU
		{ED0CB38F-54A6-4770-BDD3-B7DCBA554502}.Debug|Any CPU.ActiveCfg = Debug|Any CPU
		{ED0CB38F-54A6-4770-BDD3-B7DCBA554502}.Debug|Any CPU.Build.0 = Debug|Any CPU
		{ED0CB38F-54A6-4770-BDD3-B7DCBA554502}.Debug|x64.ActiveCfg = Debug|Any CPU
		{ED0CB38F-54A6-4770-BDD3-B7DCBA554502}.Debug|x64.Build.0 = Debug|Any CPU
		{ED0CB38F-54A6-4770-BDD3-B7DCBA554502}.Debug|x86.ActiveCfg = Debug|Any CPU
		{ED0CB38F-54A6-4770-BDD3-B7DCBA554502}.Debug|x86.Build.0 = Debug|Any CPU
		{ED0CB38F-54A6-4770-BDD3-B7DCBA554502}.Release|Any CPU.ActiveCfg = Release|Any CPU
		{ED0CB38F-54A6-4770-BDD3-B7DCBA554502}.Release|Any CPU.Build.0 = Release|Any CPU
		{ED0CB38F-54A6-4770-BDD3-B7DCBA554502}.Release|x64.ActiveCfg = Release|Any CPU
		{ED0CB38F-54A6-4770-BDD3-B7DCBA554502}.Release|x64.Build.0 = Release|Any CPU
		{ED0CB38F-54A6-4770-BDD3-B7DCBA554502}.Release|x86.ActiveCfg = Release|Any CPU
		{ED0CB38F-54A6-4770-BDD3-B7DCBA554502}.Release|x86.Build.0 = Release|Any CPU
		{9117FF37-6A64-4654-B336-E1676BA0B2D5}.Debug|Any CPU.ActiveCfg = Debug|Any CPU
		{9117FF37-6A64-4654-B336-E1676BA0B2D5}.Debug|Any CPU.Build.0 = Debug|Any CPU
		{9117FF37-6A64-4654-B336-E1676BA0B2D5}.Debug|x64.ActiveCfg = Debug|Any CPU
		{9117FF37-6A64-4654-B336-E1676BA0B2D5}.Debug|x64.Build.0 = Debug|Any CPU
		{9117FF37-6A64-4654-B336-E1676BA0B2D5}.Debug|x86.ActiveCfg = Debug|Any CPU
		{9117FF37-6A64-4654-B336-E1676BA0B2D5}.Debug|x86.Build.0 = Debug|Any CPU
		{9117FF37-6A64-4654-B336-E1676BA0B2D5}.Release|Any CPU.ActiveCfg = Release|Any CPU
		{9117FF37-6A64-4654-B336-E1676BA0B2D5}.Release|Any CPU.Build.0 = Release|Any CPU
		{9117FF37-6A64-4654-B336-E1676BA0B2D5}.Release|x64.ActiveCfg = Release|Any CPU
		{9117FF37-6A64-4654-B336-E1676BA0B2D5}.Release|x64.Build.0 = Release|Any CPU
		{9117FF37-6A64-4654-B336-E1676BA0B2D5}.Release|x86.ActiveCfg = Release|Any CPU
		{9117FF37-6A64-4654-B336-E1676BA0B2D5}.Release|x86.Build.0 = Release|Any CPU
	EndGlobalSection
	GlobalSection(SolutionProperties) = preSolution
		HideSolutionNode = FALSE
	EndGlobalSection
	GlobalSection(NestedProjects) = preSolution
		{82B18BC2-9B49-4AF1-BC13-BDAD8B3778CE} = {827E0CD3-B72D-47B6-A68D-7590B98EB39B}
		{B5083C3C-D814-415E-9B65-EB1F57879FBC} = {827E0CD3-B72D-47B6-A68D-7590B98EB39B}
		{4D2B08B6-8A28-4B30-8407-94C263B0A632} = {827E0CD3-B72D-47B6-A68D-7590B98EB39B}
		{ED0CB38F-54A6-4770-BDD3-B7DCBA554502} = {827E0CD3-B72D-47B6-A68D-7590B98EB39B}
		{9117FF37-6A64-4654-B336-E1676BA0B2D5} = {827E0CD3-B72D-47B6-A68D-7590B98EB39B}
	EndGlobalSection
EndGlobal